
Microsoft Visual Studio Solution File, Format Version 12.00
# Visual Studio Version 17
VisualStudioVersion = 17.10.34928.147
MinimumVisualStudioVersion = 10.0.40219.1
Project("{FAE04EC0-301F-11D3-BF4B-00C04F79EFBC}") = "Inheritance", "Inheritance\Inheritance.csproj", "{E6F5A109-0281-4508-93E8-21EA3A97A090}"
EndProject
Global
	GlobalSection(SolutionConfigurationPlatforms) = preSolution
		Debug|Any CPU = Debug|Any CPU
		Release|Any CPU = Release|Any CPU
	EndGlobalSection
	GlobalSection(ProjectConfigurationPlatforms) = postSolution
		{E6F5A109-0281-4508-93E8-21EA3A97A090}.Debug|Any CPU.ActiveCfg = Debug|Any CPU
		{E6F5A109-0281-4508-93E8-21EA3A97A090}.Debug|Any CPU.Build.0 = Debug|Any CPU
		{E6F5A109-0281-4508-93E8-21EA3A97A090}.Release|Any CPU.ActiveCfg = Release|Any CPU
		{E6F5A109-0281-4508-93E8-21EA3A97A090}.Release|Any CPU.Build.0 = Release|Any CPU
	EndGlobalSection
	GlobalSection(SolutionProperties) = preSolution
		HideSolutionNode = FALSE
	EndGlobalSection
	GlobalSection(ExtensibilityGlobals) = postSolution
		SolutionGuid = {6857EFC2-39A6-46A5-A4EE-17681CC5491B}
	EndGlobalSection
EndGlobal
